{
  "name": "@enhance-ssr-wasm/node-demo",
  "version": "1.0.0",
  "lockfileVersion": 3,
  "requires": true,
  "packages": {
    "": {
      "name": "@enhance-ssr-wasm/node-demo",
      "version": "1.0.0",
      "license": "MIT",
      "dependencies": {
        "@extism/extism": "^1.0.2"
      }
    },
    "node_modules/@extism/extism": {
      "version": "1.0.2",
      "resolved": "https://registry.npmjs.org/@extism/extism/-/extism-1.0.2.tgz",
      "integrity": "sha512-cT48pP0mOroj4Z/gcS/PceRviIUH9vWMGhkDc5H84wXcEeOHjiyfcY4l67Gc6BvNBrvNl7sYq/XlOh2f9aEs6g=="
    }
  }
}
